lockVersion: 2.0.0
id: b0b519b1-d1d3-43b2-82dd-b4292eadd4b0
management:
  docChecksum: 1e1fbb7b85b19b149be8f6b8a6916f76
  docVersion: 0.4.0
  speakeasyVersion: internal
  generationVersion: 2.272.4
  releaseVersion: 5.2.6
  configChecksum: 2dc1bbd1d3acd05910347da339cd3b92
  repoURL: https://github.com/speakeasy-api/speakeasy-client-sdk-python.git
  repoSubDirectory: .
  installationURL: https://github.com/speakeasy-api/speakeasy-client-sdk-python.git
  published: true
features:
  python:
    core: 4.4.7
    downloadStreams: 0.0.2
    examples: 2.81.3
    globalSecurity: 2.83.3
    globalServerURLs: 2.82.1
    globals: 2.81.1
    inputOutputModels: 2.83.1
    retries: 2.82.1
    serverIDs: 2.81.1
generatedFiles:
  - src/speakeasy/sdkconfiguration.py
  - src/speakeasy/apis.py
  - src/speakeasy/apiendpoints.py
  - src/speakeasy/metadata.py
  - src/speakeasy/schemas.py
  - src/speakeasy/auth.py
  - src/speakeasy/requests.py
  - src/speakeasy/embeds.py
  - src/speakeasy/events.py
  - src/speakeasy/sdk.py
  - pylintrc
  - setup.py
  - src/speakeasy/__init__.py
  - src/speakeasy/utils/__init__.py
  - src/speakeasy/utils/retries.py
  - src/speakeasy/utils/utils.py
  - src/speakeasy/models/errors/sdkerror.py
  - tests/helpers.py
  - src/speakeasy/models/operations/deleteapi.py
  - src/speakeasy/models/operations/generateopenapispec.py
  - src/speakeasy/models/operations/generatepostmancollection.py
  - src/speakeasy/models/operations/getallapiversions.py
  - src/speakeasy/models/operations/getapis.py
  - src/speakeasy/models/operations/upsertapi.py
  - src/speakeasy/models/operations/deleteapiendpoint.py
  - src/speakeasy/models/operations/findapiendpoint.py
  - src/speakeasy/models/operations/generateopenapispecforapiendpoint.py
  - src/speakeasy/models/operations/generatepostmancollectionforapiendpoint.py
  - src/speakeasy/models/operations/getallapiendpoints.py
  - src/speakeasy/models/operations/getallforversionapiendpoints.py
  - src/speakeasy/models/operations/getapiendpoint.py
  - src/speakeasy/models/operations/upsertapiendpoint.py
  - src/speakeasy/models/operations/deleteversionmetadata.py
  - src/speakeasy/models/operations/getversionmetadata.py
  - src/speakeasy/models/operations/insertversionmetadata.py
  - src/speakeasy/models/operations/deleteschema.py
  - src/speakeasy/models/operations/downloadschema.py
  - src/speakeasy/models/operations/downloadschemarevision.py
  - src/speakeasy/models/operations/getschema.py
  - src/speakeasy/models/operations/getschemadiff.py
  - src/speakeasy/models/operations/getschemarevision.py
  - src/speakeasy/models/operations/getschemas.py
  - src/speakeasy/models/operations/registerschema.py
  - src/speakeasy/models/operations/getworkspaceaccess.py
  - src/speakeasy/models/operations/validateapikey.py
  - src/speakeasy/models/operations/generaterequestpostmancollection.py
  - src/speakeasy/models/operations/getrequestfromeventlog.py
  - src/speakeasy/models/operations/queryeventlog.py
  - src/speakeasy/models/operations/getembedaccesstoken.py
  - src/speakeasy/models/operations/getvalidembedaccesstokens.py
  - src/speakeasy/models/operations/revokeembedaccesstoken.py
  - src/speakeasy/models/operations/getworkspaceevents.py
  - src/speakeasy/models/operations/getworkspacetargets.py
  - src/speakeasy/models/operations/postworkspaceevents.py
  - src/speakeasy/models/errors/error.py
  - src/speakeasy/models/shared/generateopenapispecdiff.py
  - src/speakeasy/models/shared/api.py
  - src/speakeasy/models/shared/api_input.py
  - src/speakeasy/models/shared/apiendpoint.py
  - src/speakeasy/models/shared/apiendpoint_input.py
  - src/speakeasy/models/shared/versionmetadata.py
  - src/speakeasy/models/shared/versionmetadata_input.py
  - src/speakeasy/models/shared/schema.py
  - src/speakeasy/models/shared/schemadiff.py
  - src/speakeasy/models/shared/accessdetails.py
  - src/speakeasy/models/shared/apikeydetails.py
  - src/speakeasy/models/shared/unboundedrequest.py
  - src/speakeasy/models/shared/boundedrequest.py
  - src/speakeasy/models/shared/requestmetadata.py
  - src/speakeasy/models/shared/filters.py
  - src/speakeasy/models/shared/filter_.py
  - src/speakeasy/models/shared/embedaccesstokenresponse.py
  - src/speakeasy/models/shared/embedtoken.py
  - src/speakeasy/models/shared/clievent.py
  - src/speakeasy/models/shared/targetsdk.py
  - src/speakeasy/models/shared/security.py
  - src/speakeasy/models/__init__.py
  - src/speakeasy/models/errors/__init__.py
  - src/speakeasy/models/operations/__init__.py
  - src/speakeasy/models/shared/__init__.py
  - docs/models/operations/deleteapirequest.md
  - docs/models/operations/deleteapiresponse.md
  - docs/models/operations/generateopenapispecrequest.md
  - docs/models/operations/generateopenapispecresponse.md
  - docs/models/operations/generatepostmancollectionrequest.md
  - docs/models/operations/generatepostmancollectionresponse.md
  - docs/models/operations/op.md
  - docs/models/operations/getallapiversionsrequest.md
  - docs/models/operations/getallapiversionsresponse.md
  - docs/models/operations/queryparamop.md
  - docs/models/operations/getapisrequest.md
  - docs/models/operations/getapisresponse.md
  - docs/models/operations/upsertapirequest.md
  - docs/models/operations/upsertapiresponse.md
  - docs/models/operations/deleteapiendpointrequest.md
  - docs/models/operations/deleteapiendpointresponse.md
  - docs/models/operations/findapiendpointrequest.md
  - docs/models/operations/findapiendpointresponse.md
  - docs/models/operations/generateopenapispecforapiendpointrequest.md
  - docs/models/operations/generateopenapispecforapiendpointresponse.md
  - docs/models/operations/generatepostmancollectionforapiendpointrequest.md
  - docs/models/operations/generatepostmancollectionforapiendpointresponse.md
  - docs/models/operations/getallapiendpointsrequest.md
  - docs/models/operations/getallapiendpointsresponse.md
  - docs/models/operations/getallforversionapiendpointsrequest.md
  - docs/models/operations/getallforversionapiendpointsresponse.md
  - docs/models/operations/getapiendpointrequest.md
  - docs/models/operations/getapiendpointresponse.md
  - docs/models/operations/upsertapiendpointrequest.md
  - docs/models/operations/upsertapiendpointresponse.md
  - docs/models/operations/deleteversionmetadatarequest.md
  - docs/models/operations/deleteversionmetadataresponse.md
  - docs/models/operations/getversionmetadatarequest.md
  - docs/models/operations/getversionmetadataresponse.md
  - docs/models/operations/insertversionmetadatarequest.md
  - docs/models/operations/insertversionmetadataresponse.md
  - docs/models/operations/deleteschemarequest.md
  - docs/models/operations/deleteschemaresponse.md
  - docs/models/operations/downloadschemarequest.md
  - docs/models/operations/downloadschemaresponse.md
  - docs/models/operations/downloadschemarevisionrequest.md
  - docs/models/operations/downloadschemarevisionresponse.md
  - docs/models/operations/getschemarequest.md
  - docs/models/operations/getschemaresponse.md
  - docs/models/operations/getschemadiffrequest.md
  - docs/models/operations/getschemadiffresponse.md
  - docs/models/operations/getschemarevisionrequest.md
  - docs/models/operations/getschemarevisionresponse.md
  - docs/models/operations/getschemasrequest.md
  - docs/models/operations/getschemasresponse.md
  - docs/models/operations/file.md
  - docs/models/operations/registerschemarequestbody.md
  - docs/models/operations/registerschemarequest.md
  - docs/models/operations/registerschemaresponse.md
  - docs/models/operations/getworkspaceaccessrequest.md
  - docs/models/operations/getworkspaceaccessresponse.md
  - docs/models/operations/validateapikeyresponse.md
  - docs/models/operations/generaterequestpostmancollectionrequest.md
  - docs/models/operations/generaterequestpostmancollectionresponse.md
  - docs/models/operations/getrequestfromeventlogrequest.md
  - docs/models/operations/getrequestfromeventlogresponse.md
  - docs/models/operations/queryeventlogrequest.md
  - docs/models/operations/queryeventlogresponse.md
  - docs/models/operations/getembedaccesstokenrequest.md
  - docs/models/operations/getembedaccesstokenresponse.md
  - docs/models/operations/getvalidembedaccesstokensresponse.md
  - docs/models/operations/revokeembedaccesstokenrequest.md
  - docs/models/operations/revokeembedaccesstokenresponse.md
  - docs/models/operations/getworkspaceeventsrequest.md
  - docs/models/operations/getworkspaceeventsresponse.md
  - docs/models/operations/getworkspacetargetsrequest.md
  - docs/models/operations/getworkspacetargetsresponse.md
  - docs/models/operations/postworkspaceeventsrequest.md
  - docs/models/operations/postworkspaceeventsresponse.md
  - docs/models/errors/error.md
  - docs/models/shared/generateopenapispecdiff.md
  - docs/models/shared/api.md
  - docs/models/shared/apiinput.md
  - docs/models/shared/apiendpoint.md
  - docs/models/shared/apiendpointinput.md
  - docs/models/shared/versionmetadata.md
  - docs/models/shared/versionmetadatainput.md
  - docs/models/shared/schema.md
  - docs/models/shared/valuechange.md
  - docs/models/shared/schemadiff.md
  - docs/models/shared/accessdetails.md
  - docs/models/shared/accounttype.md
  - docs/models/shared/apikeydetails.md
  - docs/models/shared/unboundedrequest.md
  - docs/models/shared/boundedrequest.md
  - docs/models/shared/requestmetadata.md
  - docs/models/shared/filters.md
  - docs/models/shared/filter_.md
  - docs/models/shared/embedaccesstokenresponse.md
  - docs/models/shared/embedtoken.md
  - docs/models/shared/generatebumptype.md
  - docs/models/shared/interactiontype.md
  - docs/models/shared/clievent.md
  - docs/models/shared/targetsdk.md
  - docs/models/shared/security.md
  - docs/sdks/speakeasy/README.md
  - docs/sdks/apis/README.md
  - docs/sdks/apiendpoints/README.md
  - docs/sdks/metadata/README.md
  - docs/sdks/schemas/README.md
  - docs/models/utils/retryconfig.md
  - docs/sdks/auth/README.md
  - docs/sdks/requests/README.md
  - docs/sdks/embeds/README.md
  - docs/sdks/events/README.md
  - USAGE.md
  - .gitattributes
