lockVersion: 2.0.0
id: b0b519b1-d1d3-43b2-82dd-b4292eadd4b0
management:
  docChecksum: ac111f74f51fe34b82a7b11a1bbc627a
  docVersion: 0.4.0
  speakeasyVersion: 1.497.0
  generationVersion: 2.517.3
  releaseVersion: 7.0.0-rc.3
  configChecksum: e81b4607f8e5a143eaa471df12566f64
  repoURL: https://github.com/speakeasy-api/speakeasy-client-sdk-python.git
  repoSubDirectory: .
  installationURL: https://github.com/speakeasy-api/speakeasy-client-sdk-python.git
  published: true
features:
  python:
    additionalDependencies: 1.0.0
    constsAndDefaults: 1.0.5
    core: 5.11.0
    deepObjectParams: 0.1.0
    defaultEnabledRetries: 0.2.0
    deprecations: 3.0.2
    downloadStreams: 1.0.1
    enumUnions: 0.1.0
    envVarSecurityUsage: 0.3.2
    globalSecurity: 3.0.3
    globalSecurityCallbacks: 1.0.0
    globalServerURLs: 3.1.0
    globals: 3.0.0
    multipartFileContentType: 1.0.0
    nameOverrides: 3.0.1
    nullables: 1.0.1
    openEnums: 1.0.0
    responseFormat: 1.0.1
    retries: 3.0.2
    sdkHooks: 1.0.1
    serverIDs: 3.0.0
    uploadStreams: 1.0.0
generatedFiles:
  - .gitattributes
  - .python-version
  - .vscode/settings.json
  - USAGE.md
  - docs/models/errors/error.md
  - docs/models/internal/globals.md
  - docs/models/operations/activatesubscriptionnamespacerequest.md
  - docs/models/operations/activatesubscriptionnamespaceresponse.md
  - docs/models/operations/archivenamespacerequest.md
  - docs/models/operations/archivenamespacerequestbody.md
  - docs/models/operations/archivenamespaceresponse.md
  - docs/models/operations/checkgithubaccessrequest.md
  - docs/models/operations/checkgithubaccessresponse.md
  - docs/models/operations/createfreetrialresponse.md
  - docs/models/operations/createorganizationresponse.md
  - docs/models/operations/createremotesourceresponse.md
  - docs/models/operations/createrequestbody.md
  - docs/models/operations/createresponse.md
  - docs/models/operations/createworkspaceresponse.md
  - docs/models/operations/createworkspacetokenglobals.md
  - docs/models/operations/createworkspacetokenrequest.md
  - docs/models/operations/createworkspacetokenresponse.md
  - docs/models/operations/deleteworkspacetokenglobals.md
  - docs/models/operations/deleteworkspacetokenrequest.md
  - docs/models/operations/deleteworkspacetokenresponse.md
  - docs/models/operations/file.md
  - docs/models/operations/generatecodesamplepreviewasyncresponse.md
  - docs/models/operations/generatecodesamplepreviewasyncresponsebody.md
  - docs/models/operations/generatecodesamplepreviewresponse.md
  - docs/models/operations/getaccesstokenrequest.md
  - docs/models/operations/getaccesstokenresponse.md
  - docs/models/operations/getblobrequest.md
  - docs/models/operations/getblobresponse.md
  - docs/models/operations/getchangesreportsignedurlrequest.md
  - docs/models/operations/getchangesreportsignedurlresponse.md
  - docs/models/operations/getchangesreportsignedurlsignedaccess.md
  - docs/models/operations/getcodesamplepreviewasyncrequest.md
  - docs/models/operations/getcodesamplepreviewasyncresponse.md
  - docs/models/operations/getcodesamplepreviewasyncresponsebody.md
  - docs/models/operations/getcodesamplesrequest.md
  - docs/models/operations/getcodesamplesresponse.md
  - docs/models/operations/getgithubactionrequest.md
  - docs/models/operations/getgithubactionresponse.md
  - docs/models/operations/getgithubsetupstaterequest.md
  - docs/models/operations/getgithubsetupstateresponse.md
  - docs/models/operations/getlintingreportsignedurlrequest.md
  - docs/models/operations/getlintingreportsignedurlresponse.md
  - docs/models/operations/getlintingreportsignedurlsignedaccess.md
  - docs/models/operations/getmanifestrequest.md
  - docs/models/operations/getmanifestresponse.md
  - docs/models/operations/getnamespacesresponse.md
  - docs/models/operations/getorganizationrequest.md
  - docs/models/operations/getorganizationresponse.md
  - docs/models/operations/getorganizationsresponse.md
  - docs/models/operations/getorganizationusageresponse.md
  - docs/models/operations/getrevisionsrequest.md
  - docs/models/operations/getrevisionsresponse.md
  - docs/models/operations/gettagsrequest.md
  - docs/models/operations/gettagsresponse.md
  - docs/models/operations/getuserresponse.md
  - docs/models/operations/getworkspaceaccessrequest.md
  - docs/models/operations/getworkspaceaccessresponse.md
  - docs/models/operations/getworkspacebycontextresponse.md
  - docs/models/operations/getworkspaceeventsbytargetglobals.md
  - docs/models/operations/getworkspaceeventsbytargetrequest.md
  - docs/models/operations/getworkspaceeventsbytargetresponse.md
  - docs/models/operations/getworkspacefeatureflagsglobals.md
  - docs/models/operations/getworkspacefeatureflagsrequest.md
  - docs/models/operations/getworkspacefeatureflagsresponse.md
  - docs/models/operations/getworkspaceglobals.md
  - docs/models/operations/getworkspacerequest.md
  - docs/models/operations/getworkspaceresponse.md
  - docs/models/operations/getworkspacesettingsglobals.md
  - docs/models/operations/getworkspacesettingsrequest.md
  - docs/models/operations/getworkspacesettingsresponse.md
  - docs/models/operations/getworkspacesresponse.md
  - docs/models/operations/getworkspacetargetsdeprecatedglobals.md
  - docs/models/operations/getworkspacetargetsdeprecatedrequest.md
  - docs/models/operations/getworkspacetargetsdeprecatedresponse.md
  - docs/models/operations/getworkspacetargetsrequest.md
  - docs/models/operations/getworkspacetargetsresponse.md
  - docs/models/operations/getworkspaceteamglobals.md
  - docs/models/operations/getworkspaceteamrequest.md
  - docs/models/operations/getworkspaceteamresponse.md
  - docs/models/operations/getworkspacetokensglobals.md
  - docs/models/operations/getworkspacetokensrequest.md
  - docs/models/operations/getworkspacetokensresponse.md
  - docs/models/operations/githubcheckpublishingprsrequest.md
  - docs/models/operations/githubcheckpublishingprsresponse.md
  - docs/models/operations/githubcheckpublishingsecretsrequest.md
  - docs/models/operations/githubcheckpublishingsecretsresponse.md
  - docs/models/operations/githubconfigurecodesamplesresponse.md
  - docs/models/operations/githubconfiguremintlifyreporesponse.md
  - docs/models/operations/githubconfiguretargetresponse.md
  - docs/models/operations/githubstorepublishingsecretsresponse.md
  - docs/models/operations/githubtriggeractionresponse.md
  - docs/models/operations/grantuseraccesstoworkspaceglobals.md
  - docs/models/operations/grantuseraccesstoworkspacerequest.md
  - docs/models/operations/grantuseraccesstoworkspaceresponse.md
  - docs/models/operations/ignoresubscriptionnamespacerequest.md
  - docs/models/operations/ignoresubscriptionnamespaceresponse.md
  - docs/models/operations/linkgithubaccessrequest.md
  - docs/models/operations/linkgithubaccessresponse.md
  - docs/models/operations/listremotesourcesrequest.md
  - docs/models/operations/listremotesourcesresponse.md
  - docs/models/operations/methodpaths.md
  - docs/models/operations/posttagsrequest.md
  - docs/models/operations/posttagsresponse.md
  - docs/models/operations/postworkspaceeventsglobals.md
  - docs/models/operations/postworkspaceeventsrequest.md
  - docs/models/operations/postworkspaceeventsresponse.md
  - docs/models/operations/preflightresponse.md
  - docs/models/operations/revokeuseraccesstoworkspaceglobals.md
  - docs/models/operations/revokeuseraccesstoworkspacerequest.md
  - docs/models/operations/revokeuseraccesstoworkspaceresponse.md
  - docs/models/operations/schema.md
  - docs/models/operations/searchworkspaceeventsglobals.md
  - docs/models/operations/searchworkspaceeventsrequest.md
  - docs/models/operations/searchworkspaceeventsresponse.md
  - docs/models/operations/setvisibilityrequest.md
  - docs/models/operations/setvisibilityrequestbody.md
  - docs/models/operations/setvisibilityresponse.md
  - docs/models/operations/setworkspacefeatureflagsresponse.md
  - docs/models/operations/suggestitemsresponse.md
  - docs/models/operations/suggestopenapiregistryrequest.md
  - docs/models/operations/suggestopenapiregistryresponse.md
  - docs/models/operations/suggestopenapirequest.md
  - docs/models/operations/suggestopenapirequestbody.md
  - docs/models/operations/suggestopenapiresponse.md
  - docs/models/operations/suggestrequest.md
  - docs/models/operations/suggestresponse.md
  - docs/models/operations/updateworkspacedetailsglobals.md
  - docs/models/operations/updateworkspacedetailsrequest.md
  - docs/models/operations/updateworkspacedetailsresponse.md
  - docs/models/operations/updateworkspacesettingsglobals.md
  - docs/models/operations/updateworkspacesettingsrequest.md
  - docs/models/operations/updateworkspacesettingsresponse.md
  - docs/models/operations/uploadreportrequestbody.md
  - docs/models/operations/uploadreportresponse.md
  - docs/models/operations/uploadreportuploadedreport.md
  - docs/models/operations/validateapikeyresponse.md
  - docs/models/shared/accessdetails.md
  - docs/models/shared/accesstoken.md
  - docs/models/shared/accesstokenuser.md
  - docs/models/shared/accounttype.md
  - docs/models/shared/actions.md
  - docs/models/shared/addtags.md
  - docs/models/shared/annotations.md
  - docs/models/shared/apikeydetails.md
  - docs/models/shared/auth.md
  - docs/models/shared/claims.md
  - docs/models/shared/clievent.md
  - docs/models/shared/codesampleschemainput.md
  - docs/models/shared/codesamplesjobstatus.md
  - docs/models/shared/compositespecmetadata.md
  - docs/models/shared/diagnostic.md
  - docs/models/shared/featureflag.md
  - docs/models/shared/generatebumptype.md
  - docs/models/shared/getnamespacesresponse.md
  - docs/models/shared/getrevisionsresponse.md
  - docs/models/shared/gettagsresponse.md
  - docs/models/shared/githubconfigurecodesamplesrequest.md
  - docs/models/shared/githubconfigurecodesamplesresponse.md
  - docs/models/shared/githubconfiguremintlifyreporequest.md
  - docs/models/shared/githubconfiguretargetrequest.md
  - docs/models/shared/githubgetactionresponse.md
  - docs/models/shared/githubmissingpublishingsecretsresponse.md
  - docs/models/shared/githubpublishingprresponse.md
  - docs/models/shared/githubsetupstateresponse.md
  - docs/models/shared/githubstorepublishingsecretsrequest.md
  - docs/models/shared/githubtriggeractionrequest.md
  - docs/models/shared/httpmethod.md
  - docs/models/shared/interactiontype.md
  - docs/models/shared/level.md
  - docs/models/shared/license.md
  - docs/models/shared/manifest.md
  - docs/models/shared/namespace.md
  - docs/models/shared/oasinfo.md
  - docs/models/shared/oasoperation.md
  - docs/models/shared/oassummary.md
  - docs/models/shared/openapidiffbumptype.md
  - docs/models/shared/organization.md
  - docs/models/shared/organizationusage.md
  - docs/models/shared/organizationusageresponse.md
  - docs/models/shared/preflightrequest.md
  - docs/models/shared/preflighttoken.md
  - docs/models/shared/pullrequestmetadata.md
  - docs/models/shared/relationship.md
  - docs/models/shared/remotedocument.md
  - docs/models/shared/remotesource.md
  - docs/models/shared/remotesourcesubscriptionsettings.md
  - docs/models/shared/report.md
  - docs/models/shared/revision.md
  - docs/models/shared/revisioncontentsmetadata.md
  - docs/models/shared/revisioncontentsmetadatatype.md
  - docs/models/shared/schemafile.md
  - docs/models/shared/secrets.md
  - docs/models/shared/security.md
  - docs/models/shared/shorturl.md
  - docs/models/shared/ssometadata.md
  - docs/models/shared/suggestiontype.md
  - docs/models/shared/suggestitemsrequestbody.md
  - docs/models/shared/suggestoptsold.md
  - docs/models/shared/suggestrequestbody.md
  - docs/models/shared/suggestrequestbodysuggestiontype.md
  - docs/models/shared/tag.md
  - docs/models/shared/targetsdk.md
  - docs/models/shared/type.md
  - docs/models/shared/usagesnippet.md
  - docs/models/shared/usagesnippets.md
  - docs/models/shared/user.md
  - docs/models/shared/v2descriptor.md
  - docs/models/shared/workflowdocument.md
  - docs/models/shared/workspace.md
  - docs/models/shared/workspaceandorganization.md
  - docs/models/shared/workspacefeatureflag.md
  - docs/models/shared/workspacefeatureflagrequest.md
  - docs/models/shared/workspacefeatureflagresponse.md
  - docs/models/shared/workspaceinviteresponse.md
  - docs/models/shared/workspaces.md
  - docs/models/shared/workspacesettings.md
  - docs/models/shared/workspaceteamresponse.md
  - docs/models/shared/workspacetoken.md
  - docs/models/utils/retryconfig.md
  - docs/sdks/artifacts/README.md
  - docs/sdks/auth/README.md
  - docs/sdks/codesamples/README.md
  - docs/sdks/events/README.md
  - docs/sdks/github/README.md
  - docs/sdks/organizations/README.md
  - docs/sdks/reports/README.md
  - docs/sdks/shorturls/README.md
  - docs/sdks/speakeasy/README.md
  - docs/sdks/subscriptions/README.md
  - docs/sdks/suggest/README.md
  - docs/sdks/workspaces/README.md
  - poetry.toml
  - py.typed
  - pylintrc
  - pyproject.toml
  - scripts/prepare-readme.py
  - scripts/publish.sh
  - src/speakeasy_client_sdk_python/__init__.py
  - src/speakeasy_client_sdk_python/_hooks/__init__.py
  - src/speakeasy_client_sdk_python/_hooks/sdkhooks.py
  - src/speakeasy_client_sdk_python/_hooks/types.py
  - src/speakeasy_client_sdk_python/_version.py
  - src/speakeasy_client_sdk_python/artifacts.py
  - src/speakeasy_client_sdk_python/auth.py
  - src/speakeasy_client_sdk_python/basesdk.py
  - src/speakeasy_client_sdk_python/codesamples.py
  - src/speakeasy_client_sdk_python/events.py
  - src/speakeasy_client_sdk_python/github.py
  - src/speakeasy_client_sdk_python/httpclient.py
  - src/speakeasy_client_sdk_python/models/errors/__init__.py
  - src/speakeasy_client_sdk_python/models/errors/error.py
  - src/speakeasy_client_sdk_python/models/errors/sdkerror.py
  - src/speakeasy_client_sdk_python/models/internal/__init__.py
  - src/speakeasy_client_sdk_python/models/internal/globals.py
  - src/speakeasy_client_sdk_python/models/operations/__init__.py
  - src/speakeasy_client_sdk_python/models/operations/activatesubscriptionnamespace.py
  - src/speakeasy_client_sdk_python/models/operations/archivenamespace.py
  - src/speakeasy_client_sdk_python/models/operations/checkgithubaccess.py
  - src/speakeasy_client_sdk_python/models/operations/create.py
  - src/speakeasy_client_sdk_python/models/operations/createfreetrial.py
  - src/speakeasy_client_sdk_python/models/operations/createorganization.py
  - src/speakeasy_client_sdk_python/models/operations/createremotesource.py
  - src/speakeasy_client_sdk_python/models/operations/createworkspace.py
  - src/speakeasy_client_sdk_python/models/operations/createworkspacetoken.py
  - src/speakeasy_client_sdk_python/models/operations/deleteworkspacetoken.py
  - src/speakeasy_client_sdk_python/models/operations/generatecodesamplepreview.py
  - src/speakeasy_client_sdk_python/models/operations/generatecodesamplepreviewasync.py
  - src/speakeasy_client_sdk_python/models/operations/getaccesstoken.py
  - src/speakeasy_client_sdk_python/models/operations/getblob.py
  - src/speakeasy_client_sdk_python/models/operations/getchangesreportsignedurl.py
  - src/speakeasy_client_sdk_python/models/operations/getcodesamplepreviewasync.py
  - src/speakeasy_client_sdk_python/models/operations/getcodesamples.py
  - src/speakeasy_client_sdk_python/models/operations/getgithubaction.py
  - src/speakeasy_client_sdk_python/models/operations/getgithubsetupstate.py
  - src/speakeasy_client_sdk_python/models/operations/getlintingreportsignedurl.py
  - src/speakeasy_client_sdk_python/models/operations/getmanifest.py
  - src/speakeasy_client_sdk_python/models/operations/getnamespaces.py
  - src/speakeasy_client_sdk_python/models/operations/getorganization.py
  - src/speakeasy_client_sdk_python/models/operations/getorganizations.py
  - src/speakeasy_client_sdk_python/models/operations/getorganizationusage.py
  - src/speakeasy_client_sdk_python/models/operations/getrevisions.py
  - src/speakeasy_client_sdk_python/models/operations/gettags.py
  - src/speakeasy_client_sdk_python/models/operations/getuser.py
  - src/speakeasy_client_sdk_python/models/operations/getworkspace.py
  - src/speakeasy_client_sdk_python/models/operations/getworkspaceaccess.py
  - src/speakeasy_client_sdk_python/models/operations/getworkspacebycontext.py
  - src/speakeasy_client_sdk_python/models/operations/getworkspaceeventsbytarget.py
  - src/speakeasy_client_sdk_python/models/operations/getworkspacefeatureflags.py
  - src/speakeasy_client_sdk_python/models/operations/getworkspaces.py
  - src/speakeasy_client_sdk_python/models/operations/getworkspacesettings.py
  - src/speakeasy_client_sdk_python/models/operations/getworkspacetargets.py
  - src/speakeasy_client_sdk_python/models/operations/getworkspacetargetsdeprecated.py
  - src/speakeasy_client_sdk_python/models/operations/getworkspaceteam.py
  - src/speakeasy_client_sdk_python/models/operations/getworkspacetokens.py
  - src/speakeasy_client_sdk_python/models/operations/githubcheckpublishingprs.py
  - src/speakeasy_client_sdk_python/models/operations/githubcheckpublishingsecrets.py
  - src/speakeasy_client_sdk_python/models/operations/githubconfigurecodesamples.py
  - src/speakeasy_client_sdk_python/models/operations/githubconfiguremintlifyrepo.py
  - src/speakeasy_client_sdk_python/models/operations/githubconfiguretarget.py
  - src/speakeasy_client_sdk_python/models/operations/githubstorepublishingsecrets.py
  - src/speakeasy_client_sdk_python/models/operations/githubtriggeraction.py
  - src/speakeasy_client_sdk_python/models/operations/grantuseraccesstoworkspace.py
  - src/speakeasy_client_sdk_python/models/operations/ignoresubscriptionnamespace.py
  - src/speakeasy_client_sdk_python/models/operations/linkgithubaccess.py
  - src/speakeasy_client_sdk_python/models/operations/listremotesources.py
  - src/speakeasy_client_sdk_python/models/operations/posttags.py
  - src/speakeasy_client_sdk_python/models/operations/postworkspaceevents.py
  - src/speakeasy_client_sdk_python/models/operations/preflight.py
  - src/speakeasy_client_sdk_python/models/operations/revokeuseraccesstoworkspace.py
  - src/speakeasy_client_sdk_python/models/operations/searchworkspaceevents.py
  - src/speakeasy_client_sdk_python/models/operations/setvisibility.py
  - src/speakeasy_client_sdk_python/models/operations/setworkspacefeatureflags.py
  - src/speakeasy_client_sdk_python/models/operations/suggest.py
  - src/speakeasy_client_sdk_python/models/operations/suggestitems.py
  - src/speakeasy_client_sdk_python/models/operations/suggestopenapi.py
  - src/speakeasy_client_sdk_python/models/operations/suggestopenapiregistry.py
  - src/speakeasy_client_sdk_python/models/operations/updateworkspacedetails.py
  - src/speakeasy_client_sdk_python/models/operations/updateworkspacesettings.py
  - src/speakeasy_client_sdk_python/models/operations/uploadreport.py
  - src/speakeasy_client_sdk_python/models/operations/validateapikey.py
  - src/speakeasy_client_sdk_python/models/shared/__init__.py
  - src/speakeasy_client_sdk_python/models/shared/accessdetails.py
  - src/speakeasy_client_sdk_python/models/shared/accesstoken.py
  - src/speakeasy_client_sdk_python/models/shared/accounttype.py
  - src/speakeasy_client_sdk_python/models/shared/addtags.py
  - src/speakeasy_client_sdk_python/models/shared/annotations.py
  - src/speakeasy_client_sdk_python/models/shared/apikeydetails.py
  - src/speakeasy_client_sdk_python/models/shared/clievent.py
  - src/speakeasy_client_sdk_python/models/shared/codesampleschemainput.py
  - src/speakeasy_client_sdk_python/models/shared/codesamplesjobstatus.py
  - src/speakeasy_client_sdk_python/models/shared/diagnostic.py
  - src/speakeasy_client_sdk_python/models/shared/featureflag.py
  - src/speakeasy_client_sdk_python/models/shared/getnamespacesresponse.py
  - src/speakeasy_client_sdk_python/models/shared/getrevisionsresponse.py
  - src/speakeasy_client_sdk_python/models/shared/gettagsresponse.py
  - src/speakeasy_client_sdk_python/models/shared/githubconfigurecodesamplesrequest.py
  - src/speakeasy_client_sdk_python/models/shared/githubconfigurecodesamplesresponse.py
  - src/speakeasy_client_sdk_python/models/shared/githubconfiguremintlifyreporequest.py
  - src/speakeasy_client_sdk_python/models/shared/githubconfiguretargetrequest.py
  - src/speakeasy_client_sdk_python/models/shared/githubgetactionresponse.py
  - src/speakeasy_client_sdk_python/models/shared/githubmissingpublishingsecretsresponse.py
  - src/speakeasy_client_sdk_python/models/shared/githubpublishingprresponse.py
  - src/speakeasy_client_sdk_python/models/shared/githubsetupstateresponse.py
  - src/speakeasy_client_sdk_python/models/shared/githubstorepublishingsecretsrequest.py
  - src/speakeasy_client_sdk_python/models/shared/githubtriggeractionrequest.py
  - src/speakeasy_client_sdk_python/models/shared/httpmethod.py
  - src/speakeasy_client_sdk_python/models/shared/interactiontype.py
  - src/speakeasy_client_sdk_python/models/shared/manifest.py
  - src/speakeasy_client_sdk_python/models/shared/namespace.py
  - src/speakeasy_client_sdk_python/models/shared/oasinfo.py
  - src/speakeasy_client_sdk_python/models/shared/oasoperation.py
  - src/speakeasy_client_sdk_python/models/shared/oassummary.py
  - src/speakeasy_client_sdk_python/models/shared/organization.py
  - src/speakeasy_client_sdk_python/models/shared/organizationusage.py
  - src/speakeasy_client_sdk_python/models/shared/organizationusageresponse.py
  - src/speakeasy_client_sdk_python/models/shared/preflightrequest.py
  - src/speakeasy_client_sdk_python/models/shared/preflighttoken.py
  - src/speakeasy_client_sdk_python/models/shared/remotedocument.py
  - src/speakeasy_client_sdk_python/models/shared/remotesource.py
  - src/speakeasy_client_sdk_python/models/shared/remotesourcesubscriptionsettings.py
  - src/speakeasy_client_sdk_python/models/shared/report.py
  - src/speakeasy_client_sdk_python/models/shared/revision.py
  - src/speakeasy_client_sdk_python/models/shared/revisioncontentsmetadata.py
  - src/speakeasy_client_sdk_python/models/shared/security.py
  - src/speakeasy_client_sdk_python/models/shared/shorturl.py
  - src/speakeasy_client_sdk_python/models/shared/ssometadata.py
  - src/speakeasy_client_sdk_python/models/shared/suggestitemsrequestbody.py
  - src/speakeasy_client_sdk_python/models/shared/suggestoptsold.py
  - src/speakeasy_client_sdk_python/models/shared/suggestrequestbody.py
  - src/speakeasy_client_sdk_python/models/shared/tag.py
  - src/speakeasy_client_sdk_python/models/shared/targetsdk.py
  - src/speakeasy_client_sdk_python/models/shared/usagesnippet.py
  - src/speakeasy_client_sdk_python/models/shared/usagesnippets.py
  - src/speakeasy_client_sdk_python/models/shared/user.py
  - src/speakeasy_client_sdk_python/models/shared/v2descriptor.py
  - src/speakeasy_client_sdk_python/models/shared/workflowdocument.py
  - src/speakeasy_client_sdk_python/models/shared/workspace.py
  - src/speakeasy_client_sdk_python/models/shared/workspaceandorganization.py
  - src/speakeasy_client_sdk_python/models/shared/workspacefeatureflag.py
  - src/speakeasy_client_sdk_python/models/shared/workspacefeatureflagrequest.py
  - src/speakeasy_client_sdk_python/models/shared/workspacefeatureflagresponse.py
  - src/speakeasy_client_sdk_python/models/shared/workspaceinviteresponse.py
  - src/speakeasy_client_sdk_python/models/shared/workspacesettings.py
  - src/speakeasy_client_sdk_python/models/shared/workspaceteamresponse.py
  - src/speakeasy_client_sdk_python/models/shared/workspacetoken.py
  - src/speakeasy_client_sdk_python/organizations.py
  - src/speakeasy_client_sdk_python/py.typed
  - src/speakeasy_client_sdk_python/reports.py
  - src/speakeasy_client_sdk_python/sdk.py
  - src/speakeasy_client_sdk_python/sdkconfiguration.py
  - src/speakeasy_client_sdk_python/shorturls.py
  - src/speakeasy_client_sdk_python/subscriptions.py
  - src/speakeasy_client_sdk_python/suggest.py
  - src/speakeasy_client_sdk_python/types/__init__.py
  - src/speakeasy_client_sdk_python/types/basemodel.py
  - src/speakeasy_client_sdk_python/utils/__init__.py
  - src/speakeasy_client_sdk_python/utils/annotations.py
  - src/speakeasy_client_sdk_python/utils/enums.py
  - src/speakeasy_client_sdk_python/utils/eventstreaming.py
  - src/speakeasy_client_sdk_python/utils/forms.py
  - src/speakeasy_client_sdk_python/utils/headers.py
  - src/speakeasy_client_sdk_python/utils/logger.py
  - src/speakeasy_client_sdk_python/utils/metadata.py
  - src/speakeasy_client_sdk_python/utils/queryparams.py
  - src/speakeasy_client_sdk_python/utils/requestbodies.py
  - src/speakeasy_client_sdk_python/utils/retries.py
  - src/speakeasy_client_sdk_python/utils/security.py
  - src/speakeasy_client_sdk_python/utils/serializers.py
  - src/speakeasy_client_sdk_python/utils/url.py
  - src/speakeasy_client_sdk_python/utils/values.py
  - src/speakeasy_client_sdk_python/workspaces.py
examples:
  createRemoteSource: {}
  getBlob:
    speakeasy-default-get-blob:
      parameters:
        path:
          organization_slug: "<value>"
          workspace_slug: "<value>"
          namespace_name: "<value>"
          digest: "<value>"
  getManifest:
    speakeasy-default-get-manifest:
      parameters:
        path:
          organization_slug: "<value>"
          workspace_slug: "<value>"
          namespace_name: "<value>"
          revision_reference: "<value>"
      responses:
        2XX:
          application/vnd.oci.image.manifest.v1+json: {"layers": [{"digest": "sha256:5d20c808ce198565ff70b3ed23a991dd49afac45dece63474b27ce6ed036adc6", "mediaType": "application/vnd.docker.image.rootfs.diff.tar.gzip", "size": 2107098}], "mediaType": "application/vnd.docker.distribution.manifest.v2+json", "schemaVersion": 2}
        4XX: {}
  getNamespaces: {}
  getRevisions:
    speakeasy-default-get-revisions:
      parameters:
        path:
          namespace_name: "<value>"
        query: {}
      responses:
        2XX:
          application/json: {"items": [{"created_at": "2025-09-16T19:17:04.361Z", "digest": "sha256:6d1ef012b5674ad8a127ecfa9b5e6f5178d171b90ee462846974177fd9bdd39f", "id": "<id>", "namespace_name": "<value>", "tags": ["<value>"], "updated_at": "2024-12-05T05:58:38.953Z"}], "next_page_token": "<value>"}
        4XX: {}
  getTags:
    speakeasy-default-get-tags:
      parameters:
        path:
          namespace_name: "<value>"
  listRemoteSources:
    speakeasy-default-list-remote-sources:
      parameters:
        query:
          namespace_name: "<value>"
  postTags:
    speakeasy-default-post-tags:
      parameters:
        path:
          namespace_name: "<value>"
  preflight: {}
  archiveNamespace:
    speakeasy-default-archive-namespace:
      parameters:
        path:
          namespace_name: "<value>"
  setVisibility:
    speakeasy-default-set-visibility:
      parameters:
        path:
          namespace_name: "<value>"
  getWorkspaceAccess: {}
  getAccessToken:
    speakeasy-default-get-access-token:
      parameters:
        query:
          workspace_id: "<id>"
  getUser: {}
  validateApiKey: {}
  generateCodeSamplePreview:
    default:
      requestBody:
        multipart/form-data: {"language": "<value>", "schema_file": {"": "example.file"}}
      responses:
        2XX:
          application/json: {"snippets": [{"code": "import { Petstore } from \"petstore-sdk\";\n\nconst petstore = new Petstore({\n  apiKey: \"<YOUR_API_KEY_HERE>\",\n});\n\nasync function run() {\n  const result = await petstore.pet.getById({\n    id: 137396,\n  });\n\n  // Handle the result\n  console.log(result);\n}\n\nrun();", "language": "typescript", "method": "get", "operationId": "getPetById", "path": "/pet/{id}"}]}
  generateCodeSamplePreviewAsync:
    speakeasy-default-generate-code-sample-preview-async:
      requestBody:
        multipart/form-data: {"language": "<value>", "schema_file": {"": "example.file"}}
  getCodeSamples:
    "":
      parameters:
        query:
          registry_url: "https://spec.speakeasy.com/my-org/my-workspace/my-source"
          operation_ids: ["getPets"]
          method_paths: [{"method": "get", "path": "/pets"}]
          languages: ["python", "javascript"]
    default:
      parameters:
        query:
          registry_url: "https://spec.speakeasy.com/my-org/my-workspace/my-source"
          operation_ids: ["getPets"]
          method_paths: [{"method": "get", "path": "/pets"}]
          languages: ["python", "javascript"]
      responses:
        2XX:
          application/json: {"snippets": [{"code": "import { Petstore } from \"petstore-sdk\";\n\nconst petstore = new Petstore({\n  apiKey: \"<YOUR_API_KEY_HERE>\",\n});\n\nasync function run() {\n  const result = await petstore.pet.getById({\n    id: 137396,\n  });\n\n  // Handle the result\n  console.log(result);\n}\n\nrun();", "language": "typescript", "method": "get", "operationId": "getPetById", "path": "/pet/{id}"}]}
  getCodeSamplePreviewAsync:
    default:
      parameters:
        path:
          jobID: "<id>"
      responses:
        2XX:
          application/json: {"snippets": [{"code": "import { Petstore } from \"petstore-sdk\";\n\nconst petstore = new Petstore({\n  apiKey: \"<YOUR_API_KEY_HERE>\",\n});\n\nasync function run() {\n  const result = await petstore.pet.getById({\n    id: 137396,\n  });\n\n  // Handle the result\n  console.log(result);\n}\n\nrun();", "language": "typescript", "method": "get", "operationId": "getPetById", "path": "/pet/{id}"}]}
  checkGithubAccess:
    speakeasy-default-check-github-access:
      parameters:
        query:
          org: "<value>"
          repo: "<value>"
  githubCheckPublishingPRs:
    speakeasy-default-github-check-publishing-P-rs:
      parameters:
        query:
          generate_gen_lock_id: "<id>"
          org: "<value>"
          repo: "<value>"
  githubCheckPublishingSecrets:
    speakeasy-default-github-check-publishing-secrets:
      parameters:
        query:
          generate_gen_lock_id: "<id>"
  githubConfigureCodeSamples:
    speakeasy-default-github-configure-code-samples:
      requestBody:
        application/json: {"org": "<value>", "repo": "<value>", "targetName": "<value>"}
  githubConfigureMintlifyRepo:
    speakeasy-default-github-configure-mintlify-repo:
      requestBody:
        application/json: {"input": "<value>", "org": "<value>", "overlays": ["<value>"], "repo": "<value>"}
  githubConfigureTarget:
    speakeasy-default-github-configure-target:
      requestBody:
        application/json: {"org": "<value>", "repo_name": "<value>"}
  getGitHubAction:
    speakeasy-default-get-git-hub-action:
      parameters:
        query:
          org: "<value>"
          repo: "<value>"
  getGithubSetupState:
    speakeasy-default-get-github-setup-state:
      parameters:
        query:
          org: "<value>"
          repo: "<value>"
          generate_gen_lock_id: "<id>"
  linkGithubAccess: {}
  githubStorePublishingSecrets:
    speakeasy-default-github-store-publishing-secrets:
      requestBody:
        application/json: {"generate_gen_lock_id": "<id>"}
  githubTriggerAction:
    speakeasy-default-github-trigger-action:
      requestBody:
        application/json: {"gen_lock_id": "<id>", "org": "<value>", "repo_name": "<value>"}
  createOrganization:
    speakeasy-default-create-organization:
      requestBody:
        application/json: {"account_type": "scale-up", "created_at": "2024-11-30T17:06:07.804Z", "id": "<id>", "name": "<value>", "slug": "<value>", "sso_activated": true, "telemetry_disabled": true, "updated_at": "2023-03-17T15:39:20.911Z"}
  createFreeTrial: {}
  getOrganization:
    speakeasy-default-get-organization:
      parameters:
        path:
          organizationID: "<id>"
  getOrganizations: {}
  getOrganizationUsage: {}
  getChangesReportSignedUrl:
    speakeasy-default-get-changes-report-signed-url:
      parameters:
        path:
          documentChecksum: "<value>"
  getLintingReportSignedUrl:
    speakeasy-default-get-linting-report-signed-url:
      parameters:
        path:
          documentChecksum: "<value>"
  uploadReport:
    speakeasy-default-upload-report:
      requestBody:
        multipart/form-data: {"data": {}, "file": {"": "example.file"}}
  create:
    speakeasy-default-create:
      requestBody:
        application/json: {"url": "https://probable-heating.com/"}
  activateSubscriptionNamespace:
    speakeasy-default-activate-subscription-namespace:
      parameters:
        path:
          subscriptionID: "<id>"
          namespaceName: "<value>"
  ignoreSubscriptionNamespace:
    speakeasy-default-ignore-subscription-namespace:
      parameters:
        path:
          subscriptionID: "<id>"
          namespaceName: "<value>"
  suggest:
    speakeasy-default-suggest:
      parameters:
        header:
          x-session-id: "<id>"
      requestBody:
        application/json: {"diagnostics": [{"message": "<value>", "path": ["/opt/include", "/opt/share"], "type": "<value>"}, {"message": "<value>", "path": [], "type": "<value>"}], "oas_summary": {"info": {"description": "amid traffic the unfortunately underneath what father lovely out", "license": {}, "summary": "<value>", "title": "<value>", "version": "<value>"}, "operations": [{"description": "times dull than except", "method": "<value>", "operation_id": "<id>", "path": "/mnt", "tags": ["<value>", "<value>"]}]}, "suggestion_type": "diagnostics-only"}
  suggestItems:
    speakeasy-default-suggest-items:
      requestBody:
        application/json: {"items": [], "prompt": "<value>"}
  suggestOpenAPI:
    speakeasy-default-suggest-open-API:
      parameters:
        header:
          x-session-id: "<id>"
      requestBody:
        multipart/form-data: {"schema": {"": "example.file"}}
  suggestOpenAPIRegistry:
    speakeasy-default-suggest-open-API-registry:
      parameters:
        path:
          namespace_name: "<value>"
          revision_reference: "<value>"
        header:
          x-session-id: "<id>"
  createWorkspace:
    speakeasy-default-create-workspace:
      requestBody:
        application/json: {"created_at": "2024-06-17T07:14:55.338Z", "id": "<id>", "name": "<value>", "organization_id": "<id>", "slug": "<value>", "updated_at": "2024-11-30T17:06:07.804Z", "verified": true}
  createWorkspaceToken:
    speakeasy-default-create-workspace-token:
      parameters:
        path:
          workspace_id: "<id>"
      requestBody:
        application/json: {"alg": "<value>", "created_at": "2023-08-16T02:33:00.784Z", "id": "<id>", "key": "<key>", "name": "<value>", "workspace_id": "<id>"}
  deleteWorkspaceToken:
    speakeasy-default-delete-workspace-token:
      parameters:
        path:
          workspace_id: "<id>"
          tokenID: "<id>"
  getWorkspaceByContext: {}
  getWorkspaces: {}
  getWorkspace:
    speakeasy-default-get-workspace:
      parameters:
        path:
          workspace_id: "<id>"
  getWorkspaceFeatureFlags:
    speakeasy-default-get-workspace-feature-flags:
      parameters:
        path:
          workspace_id: "<id>"
  getWorkspaceSettings:
    speakeasy-default-get-workspace-settings:
      parameters:
        path:
          workspace_id: "<id>"
  getWorkspaceTeam:
    speakeasy-default-get-workspace-team:
      parameters:
        path:
          workspace_id: "<id>"
  getWorkspaceTokens:
    speakeasy-default-get-workspace-tokens:
      parameters:
        path:
          workspace_id: "<id>"
  grantUserAccessToWorkspace:
    speakeasy-default-grant-user-access-to-workspace:
      parameters:
        path:
          workspace_id: "<id>"
          email: "Lucinda.Batz8@hotmail.com"
  revokeUserAccessToWorkspace:
    speakeasy-default-revoke-user-access-to-workspace:
      parameters:
        path:
          workspace_id: "<id>"
          userId: "<id>"
  setWorkspaceFeatureFlags:
    speakeasy-default-set-workspace-feature-flags:
      requestBody:
        application/json: {"feature_flags": ["skip_schema_registry", "webhooks"]}
  updateWorkspaceDetails:
    speakeasy-default-update-workspace-details:
      parameters:
        path:
          workspace_id: "<id>"
      requestBody:
        application/json: {"created_at": "2025-07-28T19:04:48.565Z", "id": "<id>", "name": "<value>", "organization_id": "<id>", "slug": "<value>", "updated_at": "2024-10-16T10:52:42.015Z", "verified": true}
  updateWorkspaceSettings:
    speakeasy-default-update-workspace-settings:
      parameters:
        path:
          workspace_id: "<id>"
      requestBody:
        application/json: {"created_at": "2023-07-05T11:43:28.305Z", "updated_at": "2024-05-14T05:39:21.874Z", "webhook_url": "https://grown-pharmacopoeia.net", "workspace_id": "<id>"}
  getWorkspaceEventsByTarget:
    speakeasy-default-get-workspace-events-by-target:
      parameters:
        path:
          workspace_id: "<id>"
          target_id: "<id>"
        query: {}
  getWorkspaceTargets: {}
  getWorkspaceTargetsDeprecated:
    speakeasy-default-get-workspace-targets-deprecated:
      parameters:
        path:
          workspace_id: "<id>"
        query: {}
  postWorkspaceEvents:
    speakeasy-default-post-workspace-events:
      parameters:
        path:
          workspace_id: "<id>"
      requestBody:
        application/json: [{"created_at": "2025-03-02T10:07:28.113Z", "execution_id": "<id>", "id": "<id>", "interaction_type": "AUTHENTICATE", "local_started_at": "2025-08-12T17:54:17.538Z", "speakeasy_api_key_name": "<value>", "speakeasy_version": "<value>", "success": true, "workspace_id": "<id>"}]
  searchWorkspaceEvents:
    speakeasy-default-search-workspace-events:
      parameters:
        path:
          workspace_id: "<id>"
        query: {}
examplesVersion: 1.0.0
generatedTests: {}
