speakeasyVersion: 1.622.1
sources:
    speakeasy-openapi:
        sourceNamespace: speakeasy-openapi
        sourceRevisionDigest: sha256:4404daeabe0d49aa1afe4d5e89bab0ec19ac29a8ec572f9c558689758516105e
        sourceBlobDigest: sha256:5fb3233bacf52f009b9d8c51a9694283c3b23e89c5253b42f67a697cb17298cc
        tags:
            - latest
            - speakeasy-sdk-regen-1746491433
            - 0.4.0
targets:
    speakeasy-client-sdk-python:
        source: speakeasy-openapi
        sourceNamespace: speakeasy-openapi
        sourceRevisionDigest: sha256:4404daeabe0d49aa1afe4d5e89bab0ec19ac29a8ec572f9c558689758516105e
        sourceBlobDigest: sha256:5fb3233bacf52f009b9d8c51a9694283c3b23e89c5253b42f67a697cb17298cc
        codeSamplesNamespace: code-samples-python-speakeasy-client-sdk-python
        codeSamplesRevisionDigest: sha256:10c01b2e3f0c2693d9e654b977afc9ddda0c07c1b6b00a4defbe055e6735ebc7
workflow:
    workflowVersion: 1.0.0
    speakeasyVersion: latest
    sources:
        speakeasy-openapi:
            inputs:
                - location: https://speakeasy.com/openapi.yaml
            overlays:
                - location: ./overlay.yaml
            registry:
                location: registry.speakeasyapi.dev/speakeasy-self/speakeasy-self/speakeasy-openapi
    targets:
        speakeasy-client-sdk-python:
            target: python
            source: speakeasy-openapi
            publish:
                pypi:
                    token: $pypi_token
            codeSamples:
                output: codeSamples.yaml
                registry:
                    location: registry.speakeasyapi.dev/speakeasy-self/speakeasy-self/code-samples-python-speakeasy-client-sdk-python
