speakeasyVersion: 1.308.1
sources:
    speakeasy-openapi:
        sourceNamespace: speakeasy-openapi
        sourceRevisionDigest: sha256:32d818a37a92c5533a1128be71291e9a1f271e9838fb9fa1bcb21f5b62ba1002
        sourceBlobDigest: sha256:456177679cac596daac25b429568cefbe218d5c33512b0ce2a6a7e543f7d4bea
        tags:
            - latest
            - main
targets:
    speakeasy-client-sdk-python:
        source: speakeasy-openapi
        sourceNamespace: speakeasy-openapi
        sourceRevisionDigest: sha256:32d818a37a92c5533a1128be71291e9a1f271e9838fb9fa1bcb21f5b62ba1002
        sourceBlobDigest: sha256:456177679cac596daac25b429568cefbe218d5c33512b0ce2a6a7e543f7d4bea
        outLocation: /github/workspace/repo
workflow:
    workflowVersion: 1.0.0
    speakeasyVersion: latest
    sources:
        speakeasy-openapi:
            inputs:
                - location: https://docs.speakeasyapi.dev/openapi.yaml
            registry:
                location: registry.speakeasyapi.dev/speakeasy-self/speakeasy-self/speakeasy-openapi
    targets:
        speakeasy-client-sdk-python:
            target: python
            source: speakeasy-openapi
            publish:
                pypi:
                    token: $pypi_token
